// !$*UTF8*$!
{
	archiveVersion = 1;
	classes = {
	};
	objectVersion = 54;
	objects = {

/* Begin PBXBuildFile section */
		00E356F31AD99517003FC87E /* GiaoDienEgFarmTests.m in Sources */ = {isa = PBXBuildFile; fileRef = 00E356F21AD99517003FC87E /* GiaoDienEgFarmTests.m */; };
		0C80B921A6F3F58F76C31292 /* libPods-GiaoDienEgFarm.a in Frameworks */ = {isa = PBXBuildFile; fileRef = 5DCACB8F33CDC322A6C60F78 /* libPods-GiaoDienEgFarm.a */; };
		13B07FBC1A68108700A75B9A /* AppDelegate.mm in Sources */ = {isa = PBXBuildFile; fileRef = 13B07FB01A68108700A75B9A /* AppDelegate.mm */; };
		13B07FBF1A68108700A75B9A /* Images.xcassets in Resources */ = {isa = PBXBuildFile; fileRef = 13B07FB51A68108700A75B9A /* Images.xcassets */; };
		13B07FC11A68108700A75B9A /* main.m in Sources */ = {isa = PBXBuildFile; fileRef = 13B07FB71A68108700A75B9A /* main.m */; };
		7699B88040F8A987B510C191 /* libPods-GiaoDienEgFarm-GiaoDienEgFarmTests.a in Frameworks */ = {isa = PBXBuildFile; fileRef = 19F6CBCC0A4E27FBF8BF4A61 /* libPods-GiaoDienEgFarm-GiaoDienEgFarmTests.a */; };
		81AB9BB82411601600AC10FF /* LaunchScreen.storyboard in Resources */ = {isa = PBXBuildFile; fileRef = 81AB9BB72411601600AC10FF /* LaunchScreen.storyboard */; };
		63632ADAFAEA4B37A9E64336 /* IBMPlexSans-Bold.ttf in Resources */ = {isa = PBXBuildFile; fileRef = 355F55098EBD4920ABF963BC /* IBMPlexSans-Bold.ttf */; };
		BA101BB484074C53A34C1A3A /* IBMPlexSans-BoldItalic.ttf in Resources */ = {isa = PBXBuildFile; fileRef = 2FA9E0A75AFB4C86BE8A7240 /* IBMPlexSans-BoldItalic.ttf */; };
		4C4878ED7A1943559285A4E0 /* IBMPlexSans-ExtraLight.ttf in Resources */ = {isa = PBXBuildFile; fileRef = 744925FC1C1D4027904CDC61 /* IBMPlexSans-ExtraLight.ttf */; };
		B1F488388F4C42BCA74B0301 /* IBMPlexSans-ExtraLightItalic.ttf in Resources */ = {isa = PBXBuildFile; fileRef = 973AF5CFDCE245628CC50538 /* IBMPlexSans-ExtraLightItalic.ttf */; };
		ADFE6394A3A14718A453DE12 /* IBMPlexSans-Italic.ttf in Resources */ = {isa = PBXBuildFile; fileRef = 2B4703DFDDD8487DB8C4C3E5 /* IBMPlexSans-Italic.ttf */; };
		BF5C60C8AAE049839D1EA4C8 /* IBMPlexSans-Light.ttf in Resources */ = {isa = PBXBuildFile; fileRef = B1D8B079528345DE8F3EC65D /* IBMPlexSans-Light.ttf */; };
		9E04E1289A7D40F28FB9CB0C /* IBMPlexSans-LightItalic.ttf in Resources */ = {isa = PBXBuildFile; fileRef = 254C55398AC04C7FB98E2204 /* IBMPlexSans-LightItalic.ttf */; };
		7FE736E5A7C7411986291FE8 /* IBMPlexSans-Medium.ttf in Resources */ = {isa = PBXBuildFile; fileRef = 42B24DCB3E1541928A03F451 /* IBMPlexSans-Medium.ttf */; };
		3C9BE8F2F7F84A42B97B8E6C /* IBMPlexSans-MediumItalic.ttf in Resources */ = {isa = PBXBuildFile; fileRef = 9C876562DB3246C386A283C5 /* IBMPlexSans-MediumItalic.ttf */; };
		58BF2A6E30B84F0BA0F5A918 /* IBMPlexSans-Regular.ttf in Resources */ = {isa = PBXBuildFile; fileRef = 2324C0A9E1E248BBB1EFAD5F /* IBMPlexSans-Regular.ttf */; };
		9EB8D8997C9345BC9D070EC7 /* IBMPlexSans-SemiBold.ttf in Resources */ = {isa = PBXBuildFile; fileRef = DB517F878FBE4514B5B40B00 /* IBMPlexSans-SemiBold.ttf */; };
		14F457886E8244C0A24F5622 /* IBMPlexSans-SemiBoldItalic.ttf in Resources */ = {isa = PBXBuildFile; fileRef = 555D0BEA7325400DA2C52689 /* IBMPlexSans-SemiBoldItalic.ttf */; };
		080FEFDA38DD4AB78437BF4D /* IBMPlexSans-Thin.ttf in Resources */ = {isa = PBXBuildFile; fileRef = 362D471EEF7A49D891DCE614 /* IBMPlexSans-Thin.ttf */; };
		672AA918C98F4815BD109F3E /* IBMPlexSans-ThinItalic.ttf in Resources */ = {isa = PBXBuildFile; fileRef = 9460A7AC64D04E02A59973F5 /* IBMPlexSans-ThinItalic.ttf */; };
		0FCA8B32A7AF4A7D85C3BF12 /* Inter-Black.ttf in Resources */ = {isa = PBXBuildFile; fileRef = FD86D56BC681417EA05587A1 /* Inter-Black.ttf */; };
		316AE17EF2A64BE0AD5F72BE /* Inter-Bold.ttf in Resources */ = {isa = PBXBuildFile; fileRef = D78B7E05A944448890551C7A /* Inter-Bold.ttf */; };
		D3ED0A11498F42B9BA4161C0 /* Inter-ExtraBold.ttf in Resources */ = {isa = PBXBuildFile; fileRef = D474E1216F1C48ECB9AC8AD0 /* Inter-ExtraBold.ttf */; };
		3C21CB3601A04F11B5881404 /* Inter-ExtraLight.ttf in Resources */ = {isa = PBXBuildFile; fileRef = 81E9A14E68164BDAA5CE725F /* Inter-ExtraLight.ttf */; };
		5E7858AA9CDC40C380D7E245 /* Inter-Light.ttf in Resources */ = {isa = PBXBuildFile; fileRef = 29E0AEB9765347279C849CA1 /* Inter-Light.ttf */; };
		C8C1CF2885BF4F9080B57269 /* Inter-Medium.ttf in Resources */ = {isa = PBXBuildFile; fileRef = 675C31739EA34B94A85DD200 /* Inter-Medium.ttf */; };
		C607C0D518D1469EB963F985 /* Inter-Regular.ttf in Resources */ = {isa = PBXBuildFile; fileRef = C2D9BD84C8324785AF949495 /* Inter-Regular.ttf */; };
		7739F749DB0848A597EB0D21 /* Inter-SemiBold.ttf in Resources */ = {isa = PBXBuildFile; fileRef = 2AD0014AE75D4C6BA936E2AC /* Inter-SemiBold.ttf */; };
		C7627B20E4A44C03965EA4D8 /* Inter-Thin.ttf in Resources */ = {isa = PBXBuildFile; fileRef = A037C94E385741E79E92EE50 /* Inter-Thin.ttf */; };
		59E72B70AAF0447E963FE12C /* Poppins-Black.ttf in Resources */ = {isa = PBXBuildFile; fileRef = 760F9FC8AA0849A291874D44 /* Poppins-Black.ttf */; };
		6DC588E9AEEC4106800633DB /* Poppins-BlackItalic.ttf in Resources */ = {isa = PBXBuildFile; fileRef = E632192CD45646EBB18E4ADB /* Poppins-BlackItalic.ttf */; };
		6201D12B5C4948EA8FC34B7F /* Poppins-Bold.ttf in Resources */ = {isa = PBXBuildFile; fileRef = D7E8182349DE4DC69F8A0AE9 /* Poppins-Bold.ttf */; };
		01000449A29947538522CA66 /* Poppins-BoldItalic.ttf in Resources */ = {isa = PBXBuildFile; fileRef = 461B99F5FF3742A690C6360A /* Poppins-BoldItalic.ttf */; };
		938F98D0CD1B465C9A607833 /* Poppins-ExtraBold.ttf in Resources */ = {isa = PBXBuildFile; fileRef = B31FF436EE334081A9F32DF7 /* Poppins-ExtraBold.ttf */; };
		FE7087CCE3B54E068D8E0601 /* Poppins-ExtraBoldItalic.ttf in Resources */ = {isa = PBXBuildFile; fileRef = BA413E750D0F4CE6A38E2817 /* Poppins-ExtraBoldItalic.ttf */; };
		837A29E229BB440ABACEB85E /* Poppins-ExtraLight.ttf in Resources */ = {isa = PBXBuildFile; fileRef = 84795AF40A8748ABAF8375F6 /* Poppins-ExtraLight.ttf */; };
		5A5753B046EA4EA1BD6AFE3C /* Poppins-ExtraLightItalic.ttf in Resources */ = {isa = PBXBuildFile; fileRef = B762C9DD8470445C9810F7FF /* Poppins-ExtraLightItalic.ttf */; };
		5A67645B1C2046DB93620182 /* Poppins-Italic.ttf in Resources */ = {isa = PBXBuildFile; fileRef = A9E9F43F19A64518B7DC7764 /* Poppins-Italic.ttf */; };
		C9C35DCC1BC5411B9F25542D /* Poppins-Light.ttf in Resources */ = {isa = PBXBuildFile; fileRef = DD45F1A9A899410295DAD60F /* Poppins-Light.ttf */; };
		85F4DE464EC44FF4ABFF648B /* Poppins-LightItalic.ttf in Resources */ = {isa = PBXBuildFile; fileRef = 884D3DD619834B94AFC07814 /* Poppins-LightItalic.ttf */; };
		B312189FAD2344DEA08427D3 /* Poppins-Medium.ttf in Resources */ = {isa = PBXBuildFile; fileRef = F2BD8B0156304F78B11EF290 /* Poppins-Medium.ttf */; };
		D5D4A07CFAB947389C50DCC2 /* Poppins-MediumItalic.ttf in Resources */ = {isa = PBXBuildFile; fileRef = 1733C9F9AC8743698921D478 /* Poppins-MediumItalic.ttf */; };
		A66428C216814211B0C19F08 /* Poppins-Regular.ttf in Resources */ = {isa = PBXBuildFile; fileRef = 891B86DDC89F4ABAB6C674A7 /* Poppins-Regular.ttf */; };
		99E112D803594E1495ADE5C0 /* Poppins-SemiBold.ttf in Resources */ = {isa = PBXBuildFile; fileRef = ABB47A3C11EC46D9BBA626EA /* Poppins-SemiBold.ttf */; };
		2B021BC4546641998E9A1D6F /* Poppins-SemiBoldItalic.ttf in Resources */ = {isa = PBXBuildFile; fileRef = CB6610CAADD94AFF9DB27817 /* Poppins-SemiBoldItalic.ttf */; };
		E1C0F00DD7D34D4F9C7185F3 /* Poppins-Thin.ttf in Resources */ = {isa = PBXBuildFile; fileRef = A6FD9C493DE944ECADC46C88 /* Poppins-Thin.ttf */; };
		DF423BFB74DB44DD97789131 /* Poppins-ThinItalic.ttf in Resources */ = {isa = PBXBuildFile; fileRef = A6F942D0634C48EEAC13F0EB /* Poppins-ThinItalic.ttf */; };
		B257E5B818AC422EBE73D54A /* SonsieOne-Regular.ttf in Resources */ = {isa = PBXBuildFile; fileRef = F2604C059825426C89307620 /* SonsieOne-Regular.ttf */; };
/* End PBXBuildFile section */

/* Begin PBXContainerItemProxy section */
		00E356F41AD99517003FC87E /* PBXContainerItemProxy */ = {
			isa = PBXContainerItemProxy;
			containerPortal = 83CBB9F71A601CBA00E9B192 /* Project object */;
			proxyType = 1;
			remoteGlobalIDString = 13B07F861A680F5B00A75B9A;
			remoteInfo = GiaoDienEgFarm;
		};
/* End PBXContainerItemProxy section */

/* Begin PBXFileReference section */
		00E356EE1AD99517003FC87E /* GiaoDienEgFarmTests.xctest */ = {isa = PBXFileReference; explicitFileType = wrapper.cfbundle; includeInIndex = 0; path = GiaoDienEgFarmTests.xctest; sourceTree = BUILT_PRODUCTS_DIR; };
		00E356F11AD99517003FC87E /* Info.plist */ = {isa = PBXFileReference; lastKnownFileType = text.plist.xml; path = Info.plist; sourceTree = "<group>"; };
		00E356F21AD99517003FC87E /* GiaoDienEgFarmTests.m */ = {isa = PBXFileReference; lastKnownFileType = sourcecode.c.objc; path = GiaoDienEgFarmTests.m; sourceTree = "<group>"; };
		13B07F961A680F5B00A75B9A /* GiaoDienEgFarm.app */ = {isa = PBXFileReference; explicitFileType = wrapper.application; includeInIndex = 0; path = GiaoDienEgFarm.app; sourceTree = BUILT_PRODUCTS_DIR; };
		13B07FAF1A68108700A75B9A /* AppDelegate.h */ = {isa = PBXFileReference; fileEncoding = 4; lastKnownFileType = sourcecode.c.h; name = AppDelegate.h; path = GiaoDienEgFarm/AppDelegate.h; sourceTree = "<group>"; };
		13B07FB01A68108700A75B9A /* AppDelegate.mm */ = {isa = PBXFileReference; fileEncoding = 4; lastKnownFileType = sourcecode.cpp.objcpp; name = AppDelegate.mm; path = GiaoDienEgFarm/AppDelegate.mm; sourceTree = "<group>"; };
		13B07FB51A68108700A75B9A /* Images.xcassets */ = {isa = PBXFileReference; lastKnownFileType = folder.assetcatalog; name = Images.xcassets; path = GiaoDienEgFarm/Images.xcassets; sourceTree = "<group>"; };
		13B07FB61A68108700A75B9A /* Info.plist */ = {isa = PBXFileReference; fileEncoding = 4; lastKnownFileType = text.plist.xml; name = Info.plist; path = GiaoDienEgFarm/Info.plist; sourceTree = "<group>"; };
		13B07FB71A68108700A75B9A /* main.m */ = {isa = PBXFileReference; fileEncoding = 4; lastKnownFileType = sourcecode.c.objc; name = main.m; path = GiaoDienEgFarm/main.m; sourceTree = "<group>"; };
		13B07FB81A68108700A75B9A /* PrivacyInfo.xcprivacy */ = {isa = PBXFileReference; fileEncoding = 4; lastKnownFileType = text.plist.xml; name = PrivacyInfo.xcprivacy; path = GiaoDienEgFarm/PrivacyInfo.xcprivacy; sourceTree = "<group>"; };
		19F6CBCC0A4E27FBF8BF4A61 /* libPods-GiaoDienEgFarm-GiaoDienEgFarmTests.a */ = {isa = PBXFileReference; explicitFileType = archive.ar; includeInIndex = 0; path = "libPods-GiaoDienEgFarm-GiaoDienEgFarmTests.a"; sourceTree = BUILT_PRODUCTS_DIR; };
		3B4392A12AC88292D35C810B /* Pods-GiaoDienEgFarm.debug.xcconfig */ = {isa = PBXFileReference; includeInIndex = 1; lastKnownFileType = text.xcconfig; name = "Pods-GiaoDienEgFarm.debug.xcconfig"; path = "Target Support Files/Pods-GiaoDienEgFarm/Pods-GiaoDienEgFarm.debug.xcconfig"; sourceTree = "<group>"; };
		5709B34CF0A7D63546082F79 /* Pods-GiaoDienEgFarm.release.xcconfig */ = {isa = PBXFileReference; includeInIndex = 1; lastKnownFileType = text.xcconfig; name = "Pods-GiaoDienEgFarm.release.xcconfig"; path = "Target Support Files/Pods-GiaoDienEgFarm/Pods-GiaoDienEgFarm.release.xcconfig"; sourceTree = "<group>"; };
		5B7EB9410499542E8C5724F5 /* Pods-GiaoDienEgFarm-GiaoDienEgFarmTests.debug.xcconfig */ = {isa = PBXFileReference; includeInIndex = 1; lastKnownFileType = text.xcconfig; name = "Pods-GiaoDienEgFarm-GiaoDienEgFarmTests.debug.xcconfig"; path = "Target Support Files/Pods-GiaoDienEgFarm-GiaoDienEgFarmTests/Pods-GiaoDienEgFarm-GiaoDienEgFarmTests.debug.xcconfig"; sourceTree = "<group>"; };
		5DCACB8F33CDC322A6C60F78 /* libPods-GiaoDienEgFarm.a */ = {isa = PBXFileReference; explicitFileType = archive.ar; includeInIndex = 0; path = "libPods-GiaoDienEgFarm.a"; sourceTree = BUILT_PRODUCTS_DIR; };
		81AB9BB72411601600AC10FF /* LaunchScreen.storyboard */ = {isa = PBXFileReference; fileEncoding = 4; lastKnownFileType = file.storyboard; name = LaunchScreen.storyboard; path = GiaoDienEgFarm/LaunchScreen.storyboard; sourceTree = "<group>"; };
		89C6BE57DB24E9ADA2F236DE /* Pods-GiaoDienEgFarm-GiaoDienEgFarmTests.release.xcconfig */ = {isa = PBXFileReference; includeInIndex = 1; lastKnownFileType = text.xcconfig; name = "Pods-GiaoDienEgFarm-GiaoDienEgFarmTests.release.xcconfig"; path = "Target Support Files/Pods-GiaoDienEgFarm-GiaoDienEgFarmTests/Pods-GiaoDienEgFarm-GiaoDienEgFarmTests.release.xcconfig"; sourceTree = "<group>"; };
		ED297162215061F000B7C4FE /* JavaScriptCore.framework */ = {isa = PBXFileReference; lastKnownFileType = wrapper.framework; name = JavaScriptCore.framework; path = System/Library/Frameworks/JavaScriptCore.framework; sourceTree = SDKROOT; };
		355F55098EBD4920ABF963BC /* IBMPlexSans-Bold.ttf */ = {isa = PBXFileReference; name = "IBMPlexSans-Bold.ttf"; path = "../src/assets/fonts/IBMPlexSans-Bold.ttf"; sourceTree = "<group>"; fileEncoding = undefined; lastKnownFileType = unknown; explicitFileType = undefined; includeInIndex = 0; };
		2FA9E0A75AFB4C86BE8A7240 /* IBMPlexSans-BoldItalic.ttf */ = {isa = PBXFileReference; name = "IBMPlexSans-BoldItalic.ttf"; path = "../src/assets/fonts/IBMPlexSans-BoldItalic.ttf"; sourceTree = "<group>"; fileEncoding = undefined; lastKnownFileType = unknown; explicitFileType = undefined; includeInIndex = 0; };
		744925FC1C1D4027904CDC61 /* IBMPlexSans-ExtraLight.ttf */ = {isa = PBXFileReference; name = "IBMPlexSans-ExtraLight.ttf"; path = "../src/assets/fonts/IBMPlexSans-ExtraLight.ttf"; sourceTree = "<group>"; fileEncoding = undefined; lastKnownFileType = unknown; explicitFileType = undefined; includeInIndex = 0; };
		973AF5CFDCE245628CC50538 /* IBMPlexSans-ExtraLightItalic.ttf */ = {isa = PBXFileReference; name = "IBMPlexSans-ExtraLightItalic.ttf"; path = "../src/assets/fonts/IBMPlexSans-ExtraLightItalic.ttf"; sourceTree = "<group>"; fileEncoding = undefined; lastKnownFileType = unknown; explicitFileType = undefined; includeInIndex = 0; };
		2B4703DFDDD8487DB8C4C3E5 /* IBMPlexSans-Italic.ttf */ = {isa = PBXFileReference; name = "IBMPlexSans-Italic.ttf"; path = "../src/assets/fonts/IBMPlexSans-Italic.ttf"; sourceTree = "<group>"; fileEncoding = undefined; lastKnownFileType = unknown; explicitFileType = undefined; includeInIndex = 0; };
		B1D8B079528345DE8F3EC65D /* IBMPlexSans-Light.ttf */ = {isa = PBXFileReference; name = "IBMPlexSans-Light.ttf"; path = "../src/assets/fonts/IBMPlexSans-Light.ttf"; sourceTree = "<group>"; fileEncoding = undefined; lastKnownFileType = unknown; explicitFileType = undefined; includeInIndex = 0; };
		254C55398AC04C7FB98E2204 /* IBMPlexSans-LightItalic.ttf */ = {isa = PBXFileReference; name = "IBMPlexSans-LightItalic.ttf"; path = "../src/assets/fonts/IBMPlexSans-LightItalic.ttf"; sourceTree = "<group>"; fileEncoding = undefined; lastKnownFileType = unknown; explicitFileType = undefined; includeInIndex = 0; };
		42B24DCB3E1541928A03F451 /* IBMPlexSans-Medium.ttf */ = {isa = PBXFileReference; name = "IBMPlexSans-Medium.ttf"; path = "../src/assets/fonts/IBMPlexSans-Medium.ttf"; sourceTree = "<group>"; fileEncoding = undefined; lastKnownFileType = unknown; explicitFileType = undefined; includeInIndex = 0; };
		9C876562DB3246C386A283C5 /* IBMPlexSans-MediumItalic.ttf */ = {isa = PBXFileReference; name = "IBMPlexSans-MediumItalic.ttf"; path = "../src/assets/fonts/IBMPlexSans-MediumItalic.ttf"; sourceTree = "<group>"; fileEncoding = undefined; lastKnownFileType = unknown; explicitFileType = undefined; includeInIndex = 0; };
		2324C0A9E1E248BBB1EFAD5F /* IBMPlexSans-Regular.ttf */ = {isa = PBXFileReference; name = "IBMPlexSans-Regular.ttf"; path = "../src/assets/fonts/IBMPlexSans-Regular.ttf"; sourceTree = "<group>"; fileEncoding = undefined; lastKnownFileType = unknown; explicitFileType = undefined; includeInIndex = 0; };
		DB517F878FBE4514B5B40B00 /* IBMPlexSans-SemiBold.ttf */ = {isa = PBXFileReference; name = "IBMPlexSans-SemiBold.ttf"; path = "../src/assets/fonts/IBMPlexSans-SemiBold.ttf"; sourceTree = "<group>"; fileEncoding = undefined; lastKnownFileType = unknown; explicitFileType = undefined; includeInIndex = 0; };
		555D0BEA7325400DA2C52689 /* IBMPlexSans-SemiBoldItalic.ttf */ = {isa = PBXFileReference; name = "IBMPlexSans-SemiBoldItalic.ttf"; path = "../src/assets/fonts/IBMPlexSans-SemiBoldItalic.ttf"; sourceTree = "<group>"; fileEncoding = undefined; lastKnownFileType = unknown; explicitFileType = undefined; includeInIndex = 0; };
		362D471EEF7A49D891DCE614 /* IBMPlexSans-Thin.ttf */ = {isa = PBXFileReference; name = "IBMPlexSans-Thin.ttf"; path = "../src/assets/fonts/IBMPlexSans-Thin.ttf"; sourceTree = "<group>"; fileEncoding = undefined; lastKnownFileType = unknown; explicitFileType = undefined; includeInIndex = 0; };
		9460A7AC64D04E02A59973F5 /* IBMPlexSans-ThinItalic.ttf */ = {isa = PBXFileReference; name = "IBMPlexSans-ThinItalic.ttf"; path = "../src/assets/fonts/IBMPlexSans-ThinItalic.ttf"; sourceTree = "<group>"; fileEncoding = undefined; lastKnownFileType = unknown; explicitFileType = undefined; includeInIndex = 0; };
		FD86D56BC681417EA05587A1 /* Inter-Black.ttf */ = {isa = PBXFileReference; name = "Inter-Black.ttf"; path = "../src/assets/fonts/Inter-Black.ttf"; sourceTree = "<group>"; fileEncoding = undefined; lastKnownFileType = unknown; explicitFileType = undefined; includeInIndex = 0; };
		D78B7E05A944448890551C7A /* Inter-Bold.ttf */ = {isa = PBXFileReference; name = "Inter-Bold.ttf"; path = "../src/assets/fonts/Inter-Bold.ttf"; sourceTree = "<group>"; fileEncoding = undefined; lastKnownFileType = unknown; explicitFileType = undefined; includeInIndex = 0; };
		D474E1216F1C48ECB9AC8AD0 /* Inter-ExtraBold.ttf */ = {isa = PBXFileReference; name = "Inter-ExtraBold.ttf"; path = "../src/assets/fonts/Inter-ExtraBold.ttf"; sourceTree = "<group>"; fileEncoding = undefined; lastKnownFileType = unknown; explicitFileType = undefined; includeInIndex = 0; };
		81E9A14E68164BDAA5CE725F /* Inter-ExtraLight.ttf */ = {isa = PBXFileReference; name = "Inter-ExtraLight.ttf"; path = "../src/assets/fonts/Inter-ExtraLight.ttf"; sourceTree = "<group>"; fileEncoding = undefined; lastKnownFileType = unknown; explicitFileType = undefined; includeInIndex = 0; };
		29E0AEB9765347279C849CA1 /* Inter-Light.ttf */ = {isa = PBXFileReference; name = "Inter-Light.ttf"; path = "../src/assets/fonts/Inter-Light.ttf"; sourceTree = "<group>"; fileEncoding = undefined; lastKnownFileType = unknown; explicitFileType = undefined; includeInIndex = 0; };
		675C31739EA34B94A85DD200 /* Inter-Medium.ttf */ = {isa = PBXFileReference; name = "Inter-Medium.ttf"; path = "../src/assets/fonts/Inter-Medium.ttf"; sourceTree = "<group>"; fileEncoding = undefined; lastKnownFileType = unknown; explicitFileType = undefined; includeInIndex = 0; };
		C2D9BD84C8324785AF949495 /* Inter-Regular.ttf */ = {isa = PBXFileReference; name = "Inter-Regular.ttf"; path = "../src/assets/fonts/Inter-Regular.ttf"; sourceTree = "<group>"; fileEncoding = undefined; lastKnownFileType = unknown; explicitFileType = undefined; includeInIndex = 0; };
		2AD0014AE75D4C6BA936E2AC /* Inter-SemiBold.ttf */ = {isa = PBXFileReference; name = "Inter-SemiBold.ttf"; path = "../src/assets/fonts/Inter-SemiBold.ttf"; sourceTree = "<group>"; fileEncoding = undefined; lastKnownFileType = unknown; explicitFileType = undefined; includeInIndex = 0; };
		A037C94E385741E79E92EE50 /* Inter-Thin.ttf */ = {isa = PBXFileReference; name = "Inter-Thin.ttf"; path = "../src/assets/fonts/Inter-Thin.ttf"; sourceTree = "<group>"; fileEncoding = undefined; lastKnownFileType = unknown; explicitFileType = undefined; includeInIndex = 0; };
		760F9FC8AA0849A291874D44 /* Poppins-Black.ttf */ = {isa = PBXFileReference; name = "Poppins-Black.ttf"; path = "../src/assets/fonts/Poppins-Black.ttf"; sourceTree = "<group>"; fileEncoding = undefined; lastKnownFileType = unknown; explicitFileType = undefined; includeInIndex = 0; };
		E632192CD45646EBB18E4ADB /* Poppins-BlackItalic.ttf */ = {isa = PBXFileReference; name = "Poppins-BlackItalic.ttf"; path = "../src/assets/fonts/Poppins-BlackItalic.ttf"; sourceTree = "<group>"; fileEncoding = undefined; lastKnownFileType = unknown; explicitFileType = undefined; includeInIndex = 0; };
		D7E8182349DE4DC69F8A0AE9 /* Poppins-Bold.ttf */ = {isa = PBXFileReference; name = "Poppins-Bold.ttf"; path = "../src/assets/fonts/Poppins-Bold.ttf"; sourceTree = "<group>"; fileEncoding = undefined; lastKnownFileType = unknown; explicitFileType = undefined; includeInIndex = 0; };
		461B99F5FF3742A690C6360A /* Poppins-BoldItalic.ttf */ = {isa = PBXFileReference; name = "Poppins-BoldItalic.ttf"; path = "../src/assets/fonts/Poppins-BoldItalic.ttf"; sourceTree = "<group>"; fileEncoding = undefined; lastKnownFileType = unknown; explicitFileType = undefined; includeInIndex = 0; };
		B31FF436EE334081A9F32DF7 /* Poppins-ExtraBold.ttf */ = {isa = PBXFileReference; name = "Poppins-ExtraBold.ttf"; path = "../src/assets/fonts/Poppins-ExtraBold.ttf"; sourceTree = "<group>"; fileEncoding = undefined; lastKnownFileType = unknown; explicitFileType = undefined; includeInIndex = 0; };
		BA413E750D0F4CE6A38E2817 /* Poppins-ExtraBoldItalic.ttf */ = {isa = PBXFileReference; name = "Poppins-ExtraBoldItalic.ttf"; path = "../src/assets/fonts/Poppins-ExtraBoldItalic.ttf"; sourceTree = "<group>"; fileEncoding = undefined; lastKnownFileType = unknown; explicitFileType = undefined; includeInIndex = 0; };
		84795AF40A8748ABAF8375F6 /* Poppins-ExtraLight.ttf */ = {isa = PBXFileReference; name = "Poppins-ExtraLight.ttf"; path = "../src/assets/fonts/Poppins-ExtraLight.ttf"; sourceTree = "<group>"; fileEncoding = undefined; lastKnownFileType = unknown; explicitFileType = undefined; includeInIndex = 0; };
		B762C9DD8470445C9810F7FF /* Poppins-ExtraLightItalic.ttf */ = {isa = PBXFileReference; name = "Poppins-ExtraLightItalic.ttf"; path = "../src/assets/fonts/Poppins-ExtraLightItalic.ttf"; sourceTree = "<group>"; fileEncoding = undefined; lastKnownFileType = unknown; explicitFileType = undefined; includeInIndex = 0; };
		A9E9F43F19A64518B7DC7764 /* Poppins-Italic.ttf */ = {isa = PBXFileReference; name = "Poppins-Italic.ttf"; path = "../src/assets/fonts/Poppins-Italic.ttf"; sourceTree = "<group>"; fileEncoding = undefined; lastKnownFileType = unknown; explicitFileType = undefined; includeInIndex = 0; };
		DD45F1A9A899410295DAD60F /* Poppins-Light.ttf */ = {isa = PBXFileReference; name = "Poppins-Light.ttf"; path = "../src/assets/fonts/Poppins-Light.ttf"; sourceTree = "<group>"; fileEncoding = undefined; lastKnownFileType = unknown; explicitFileType = undefined; includeInIndex = 0; };
		884D3DD619834B94AFC07814 /* Poppins-LightItalic.ttf */ = {isa = PBXFileReference; name = "Poppins-LightItalic.ttf"; path = "../src/assets/fonts/Poppins-LightItalic.ttf"; sourceTree = "<group>"; fileEncoding = undefined; lastKnownFileType = unknown; explicitFileType = undefined; includeInIndex = 0; };
		F2BD8B0156304F78B11EF290 /* Poppins-Medium.ttf */ = {isa = PBXFileReference; name = "Poppins-Medium.ttf"; path = "../src/assets/fonts/Poppins-Medium.ttf"; sourceTree = "<group>"; fileEncoding = undefined; lastKnownFileType = unknown; explicitFileType = undefined; includeInIndex = 0; };
		1733C9F9AC8743698921D478 /* Poppins-MediumItalic.ttf */ = {isa = PBXFileReference; name = "Poppins-MediumItalic.ttf"; path = "../src/assets/fonts/Poppins-MediumItalic.ttf"; sourceTree = "<group>"; fileEncoding = undefined; lastKnownFileType = unknown; explicitFileType = undefined; includeInIndex = 0; };
		891B86DDC89F4ABAB6C674A7 /* Poppins-Regular.ttf */ = {isa = PBXFileReference; name = "Poppins-Regular.ttf"; path = "../src/assets/fonts/Poppins-Regular.ttf"; sourceTree = "<group>"; fileEncoding = undefined; lastKnownFileType = unknown; explicitFileType = undefined; includeInIndex = 0; };
		ABB47A3C11EC46D9BBA626EA /* Poppins-SemiBold.ttf */ = {isa = PBXFileReference; name = "Poppins-SemiBold.ttf"; path = "../src/assets/fonts/Poppins-SemiBold.ttf"; sourceTree = "<group>"; fileEncoding = undefined; lastKnownFileType = unknown; explicitFileType = undefined; includeInIndex = 0; };
		CB6610CAADD94AFF9DB27817 /* Poppins-SemiBoldItalic.ttf */ = {isa = PBXFileReference; name = "Poppins-SemiBoldItalic.ttf"; path = "../src/assets/fonts/Poppins-SemiBoldItalic.ttf"; sourceTree = "<group>"; fileEncoding = undefined; lastKnownFileType = unknown; explicitFileType = undefined; includeInIndex = 0; };
		A6FD9C493DE944ECADC46C88 /* Poppins-Thin.ttf */ = {isa = PBXFileReference; name = "Poppins-Thin.ttf"; path = "../src/assets/fonts/Poppins-Thin.ttf"; sourceTree = "<group>"; fileEncoding = undefined; lastKnownFileType = unknown; explicitFileType = undefined; includeInIndex = 0; };
		A6F942D0634C48EEAC13F0EB /* Poppins-ThinItalic.ttf */ = {isa = PBXFileReference; name = "Poppins-ThinItalic.ttf"; path = "../src/assets/fonts/Poppins-ThinItalic.ttf"; sourceTree = "<group>"; fileEncoding = undefined; lastKnownFileType = unknown; explicitFileType = undefined; includeInIndex = 0; };
		F2604C059825426C89307620 /* SonsieOne-Regular.ttf */ = {isa = PBXFileReference; name = "SonsieOne-Regular.ttf"; path = "../src/assets/fonts/SonsieOne-Regular.ttf"; sourceTree = "<group>"; fileEncoding = undefined; lastKnownFileType = unknown; explicitFileType = undefined; includeInIndex = 0; };
/* End PBXFileReference section */

/* Begin PBXFrameworksBuildPhase section */
		00E356EB1AD99517003FC87E /* Frameworks */ = {
			isa = PBXFrameworksBuildPhase;
			buildActionMask = 2147483647;
			files = (
				7699B88040F8A987B510C191 /* libPods-GiaoDienEgFarm-GiaoDienEgFarmTests.a in Frameworks */,
			);
			runOnlyForDeploymentPostprocessing = 0;
		};
		13B07F8C1A680F5B00A75B9A /* Frameworks */ = {
			isa = PBXFrameworksBuildPhase;
			buildActionMask = 2147483647;
			files = (
				0C80B921A6F3F58F76C31292 /* libPods-GiaoDienEgFarm.a in Frameworks */,
			);
			runOnlyForDeploymentPostprocessing = 0;
		};
/* End PBXFrameworksBuildPhase section */

/* Begin PBXGroup section */
		00E356EF1AD99517003FC87E /* GiaoDienEgFarmTests */ = {
			isa = PBXGroup;
			children = (
				00E356F21AD99517003FC87E /* GiaoDienEgFarmTests.m */,
				00E356F01AD99517003FC87E /* Supporting Files */,
			);
			path = GiaoDienEgFarmTests;
			sourceTree = "<group>";
		};
		00E356F01AD99517003FC87E /* Supporting Files */ = {
			isa = PBXGroup;
			children = (
				00E356F11AD99517003FC87E /* Info.plist */,
			);
			name = "Supporting Files";
			sourceTree = "<group>";
		};
		13B07FAE1A68108700A75B9A /* GiaoDienEgFarm */ = {
			isa = PBXGroup;
			children = (
				13B07FAF1A68108700A75B9A /* AppDelegate.h */,
				13B07FB01A68108700A75B9A /* AppDelegate.mm */,
				13B07FB51A68108700A75B9A /* Images.xcassets */,
				13B07FB61A68108700A75B9A /* Info.plist */,
				81AB9BB72411601600AC10FF /* LaunchScreen.storyboard */,
				13B07FB71A68108700A75B9A /* main.m */,
				13B07FB81A68108700A75B9A /* PrivacyInfo.xcprivacy */,
			);
			name = GiaoDienEgFarm;
			sourceTree = "<group>";
		};
		2D16E6871FA4F8E400B85C8A /* Frameworks */ = {
			isa = PBXGroup;
			children = (
				ED297162215061F000B7C4FE /* JavaScriptCore.framework */,
				5DCACB8F33CDC322A6C60F78 /* libPods-GiaoDienEgFarm.a */,
				19F6CBCC0A4E27FBF8BF4A61 /* libPods-GiaoDienEgFarm-GiaoDienEgFarmTests.a */,
			);
			name = Frameworks;
			sourceTree = "<group>";
		};
		832341AE1AAA6A7D00B99B32 /* Libraries */ = {
			isa = PBXGroup;
			children = (
			);
			name = Libraries;
			sourceTree = "<group>";
		};
		83CBB9F61A601CBA00E9B192 = {
			isa = PBXGroup;
			children = (
				13B07FAE1A68108700A75B9A /* GiaoDienEgFarm */,
				832341AE1AAA6A7D00B99B32 /* Libraries */,
				00E356EF1AD99517003FC87E /* GiaoDienEgFarmTests */,
				83CBBA001A601CBA00E9B192 /* Products */,
				2D16E6871FA4F8E400B85C8A /* Frameworks */,
				BBD78D7AC51CEA395F1C20DB /* Pods */,
				F5ACE5489F3442E38064FCBC /* Resources */,
			);
			indentWidth = 2;
			sourceTree = "<group>";
			tabWidth = 2;
			usesTabs = 0;
		};
		83CBBA001A601CBA00E9B192 /* Products */ = {
			isa = PBXGroup;
			children = (
				13B07F961A680F5B00A75B9A /* GiaoDienEgFarm.app */,
				00E356EE1AD99517003FC87E /* GiaoDienEgFarmTests.xctest */,
			);
			name = Products;
			sourceTree = "<group>";
		};
		BBD78D7AC51CEA395F1C20DB /* Pods */ = {
			isa = PBXGroup;
			children = (
				3B4392A12AC88292D35C810B /* Pods-GiaoDienEgFarm.debug.xcconfig */,
				5709B34CF0A7D63546082F79 /* Pods-GiaoDienEgFarm.release.xcconfig */,
				5B7EB9410499542E8C5724F5 /* Pods-GiaoDienEgFarm-GiaoDienEgFarmTests.debug.xcconfig */,
				89C6BE57DB24E9ADA2F236DE /* Pods-GiaoDienEgFarm-GiaoDienEgFarmTests.release.xcconfig */,
			);
			path = Pods;
			sourceTree = "<group>";
		};
		F5ACE5489F3442E38064FCBC /* Resources */ = {
			isa = "PBXGroup";
			children = (
				355F55098EBD4920ABF963BC /* IBMPlexSans-Bold.ttf */,
				2FA9E0A75AFB4C86BE8A7240 /* IBMPlexSans-BoldItalic.ttf */,
				744925FC1C1D4027904CDC61 /* IBMPlexSans-ExtraLight.ttf */,
				973AF5CFDCE245628CC50538 /* IBMPlexSans-ExtraLightItalic.ttf */,
				2B4703DFDDD8487DB8C4C3E5 /* IBMPlexSans-Italic.ttf */,
				B1D8B079528345DE8F3EC65D /* IBMPlexSans-Light.ttf */,
				254C55398AC04C7FB98E2204 /* IBMPlexSans-LightItalic.ttf */,
				42B24DCB3E1541928A03F451 /* IBMPlexSans-Medium.ttf */,
				9C876562DB3246C386A283C5 /* IBMPlexSans-MediumItalic.ttf */,
				2324C0A9E1E248BBB1EFAD5F /* IBMPlexSans-Regular.ttf */,
				DB517F878FBE4514B5B40B00 /* IBMPlexSans-SemiBold.ttf */,
				555D0BEA7325400DA2C52689 /* IBMPlexSans-SemiBoldItalic.ttf */,
				362D471EEF7A49D891DCE614 /* IBMPlexSans-Thin.ttf */,
				9460A7AC64D04E02A59973F5 /* IBMPlexSans-ThinItalic.ttf */,
				FD86D56BC681417EA05587A1 /* Inter-Black.ttf */,
				D78B7E05A944448890551C7A /* Inter-Bold.ttf */,
				D474E1216F1C48ECB9AC8AD0 /* Inter-ExtraBold.ttf */,
				81E9A14E68164BDAA5CE725F /* Inter-ExtraLight.ttf */,
				29E0AEB9765347279C849CA1 /* Inter-Light.ttf */,
				675C31739EA34B94A85DD200 /* Inter-Medium.ttf */,
				C2D9BD84C8324785AF949495 /* Inter-Regular.ttf */,
				2AD0014AE75D4C6BA936E2AC /* Inter-SemiBold.ttf */,
				A037C94E385741E79E92EE50 /* Inter-Thin.ttf */,
				760F9FC8AA0849A291874D44 /* Poppins-Black.ttf */,
				E632192CD45646EBB18E4ADB /* Poppins-BlackItalic.ttf */,
				D7E8182349DE4DC69F8A0AE9 /* Poppins-Bold.ttf */,
				461B99F5FF3742A690C6360A /* Poppins-BoldItalic.ttf */,
				B31FF436EE334081A9F32DF7 /* Poppins-ExtraBold.ttf */,
				BA413E750D0F4CE6A38E2817 /* Poppins-ExtraBoldItalic.ttf */,
				84795AF40A8748ABAF8375F6 /* Poppins-ExtraLight.ttf */,
				B762C9DD8470445C9810F7FF /* Poppins-ExtraLightItalic.ttf */,
				A9E9F43F19A64518B7DC7764 /* Poppins-Italic.ttf */,
				DD45F1A9A899410295DAD60F /* Poppins-Light.ttf */,
				884D3DD619834B94AFC07814 /* Poppins-LightItalic.ttf */,
				F2BD8B0156304F78B11EF290 /* Poppins-Medium.ttf */,
				1733C9F9AC8743698921D478 /* Poppins-MediumItalic.ttf */,
				891B86DDC89F4ABAB6C674A7 /* Poppins-Regular.ttf */,
				ABB47A3C11EC46D9BBA626EA /* Poppins-SemiBold.ttf */,
				CB6610CAADD94AFF9DB27817 /* Poppins-SemiBoldItalic.ttf */,
				A6FD9C493DE944ECADC46C88 /* Poppins-Thin.ttf */,
				A6F942D0634C48EEAC13F0EB /* Poppins-ThinItalic.ttf */,
				F2604C059825426C89307620 /* SonsieOne-Regular.ttf */,
			);
			name = Resources;
			sourceTree = "<group>";
			path = "";
		};
/* End PBXGroup section */

/* Begin PBXNativeTarget section */
		00E356ED1AD99517003FC87E /* GiaoDienEgFarmTests */ = {
			isa = PBXNativeTarget;
			buildConfigurationList = 00E357021AD99517003FC87E /* Build configuration list for PBXNativeTarget "GiaoDienEgFarmTests" */;
			buildPhases = (
				A55EABD7B0C7F3A422A6CC61 /* [CP] Check Pods Manifest.lock */,
				00E356EA1AD99517003FC87E /* Sources */,
				00E356EB1AD99517003FC87E /* Frameworks */,
				00E356EC1AD99517003FC87E /* Resources */,
				C59DA0FBD6956966B86A3779 /* [CP] Embed Pods Frameworks */,
				F6A41C54EA430FDDC6A6ED99 /* [CP] Copy Pods Resources */,
			);
			buildRules = (
			);
			dependencies = (
				00E356F51AD99517003FC87E /* PBXTargetDependency */,
			);
			name = GiaoDienEgFarmTests;
			productName = GiaoDienEgFarmTests;
			productReference = 00E356EE1AD99517003FC87E /* GiaoDienEgFarmTests.xctest */;
			productType = "com.apple.product-type.bundle.unit-test";
		};
		13B07F861A680F5B00A75B9A /* GiaoDienEgFarm */ = {
			isa = PBXNativeTarget;
			buildConfigurationList = 13B07F931A680F5B00A75B9A /* Build configuration list for PBXNativeTarget "GiaoDienEgFarm" */;
			buildPhases = (
				C38B50BA6285516D6DCD4F65 /* [CP] Check Pods Manifest.lock */,
				13B07F871A680F5B00A75B9A /* Sources */,
				13B07F8C1A680F5B00A75B9A /* Frameworks */,
				13B07F8E1A680F5B00A75B9A /* Resources */,
				00DD1BFF1BD5951E006B06BC /* Bundle React Native code and images */,
				00EEFC60759A1932668264C0 /* [CP] Embed Pods Frameworks */,
				E235C05ADACE081382539298 /* [CP] Copy Pods Resources */,
			);
			buildRules = (
			);
			dependencies = (
			);
			name = GiaoDienEgFarm;
			productName = GiaoDienEgFarm;
			productReference = 13B07F961A680F5B00A75B9A /* GiaoDienEgFarm.app */;
			productType = "com.apple.product-type.application";
		};
/* End PBXNativeTarget section */

/* Begin PBXProject section */
		83CBB9F71A601CBA00E9B192 /* Project object */ = {
			isa = PBXProject;
			attributes = {
				LastUpgradeCheck = 1210;
				TargetAttributes = {
					00E356ED1AD99517003FC87E = {
						CreatedOnToolsVersion = 6.2;
						TestTargetID = 13B07F861A680F5B00A75B9A;
					};
					13B07F861A680F5B00A75B9A = {
						LastSwiftMigration = 1120;
					};
				};
			};
			buildConfigurationList = 83CBB9FA1A601CBA00E9B192 /* Build configuration list for PBXProject "GiaoDienEgFarm" */;
			compatibilityVersion = "Xcode 12.0";
			developmentRegion = en;
			hasScannedForEncodings = 0;
			knownRegions = (
				en,
				Base,
			);
			mainGroup = 83CBB9F61A601CBA00E9B192;
			productRefGroup = 83CBBA001A601CBA00E9B192 /* Products */;
			projectDirPath = "";
			projectRoot = "";
			targets = (
				13B07F861A680F5B00A75B9A /* GiaoDienEgFarm */,
				00E356ED1AD99517003FC87E /* GiaoDienEgFarmTests */,
			);
		};
/* End PBXProject section */

/* Begin PBXResourcesBuildPhase section */
		00E356EC1AD99517003FC87E /* Resources */ = {
			isa = PBXResourcesBuildPhase;
			buildActionMask = 2147483647;
			files = (
			);
			runOnlyForDeploymentPostprocessing = 0;
		};
		13B07F8E1A680F5B00A75B9A /* Resources */ = {
			isa = PBXResourcesBuildPhase;
			buildActionMask = 2147483647;
			files = (
				81AB9BB82411601600AC10FF /* LaunchScreen.storyboard in Resources */,
				13B07FBF1A68108700A75B9A /* Images.xcassets in Resources */,
				63632ADAFAEA4B37A9E64336 /* IBMPlexSans-Bold.ttf in Resources */,
				BA101BB484074C53A34C1A3A /* IBMPlexSans-BoldItalic.ttf in Resources */,
				4C4878ED7A1943559285A4E0 /* IBMPlexSans-ExtraLight.ttf in Resources */,
				B1F488388F4C42BCA74B0301 /* IBMPlexSans-ExtraLightItalic.ttf in Resources */,
				ADFE6394A3A14718A453DE12 /* IBMPlexSans-Italic.ttf in Resources */,
				BF5C60C8AAE049839D1EA4C8 /* IBMPlexSans-Light.ttf in Resources */,
				9E04E1289A7D40F28FB9CB0C /* IBMPlexSans-LightItalic.ttf in Resources */,
				7FE736E5A7C7411986291FE8 /* IBMPlexSans-Medium.ttf in Resources */,
				3C9BE8F2F7F84A42B97B8E6C /* IBMPlexSans-MediumItalic.ttf in Resources */,
				58BF2A6E30B84F0BA0F5A918 /* IBMPlexSans-Regular.ttf in Resources */,
				9EB8D8997C9345BC9D070EC7 /* IBMPlexSans-SemiBold.ttf in Resources */,
				14F457886E8244C0A24F5622 /* IBMPlexSans-SemiBoldItalic.ttf in Resources */,
				080FEFDA38DD4AB78437BF4D /* IBMPlexSans-Thin.ttf in Resources */,
				672AA918C98F4815BD109F3E /* IBMPlexSans-ThinItalic.ttf in Resources */,
				0FCA8B32A7AF4A7D85C3BF12 /* Inter-Black.ttf in Resources */,
				316AE17EF2A64BE0AD5F72BE /* Inter-Bold.ttf in Resources */,
				D3ED0A11498F42B9BA4161C0 /* Inter-ExtraBold.ttf in Resources */,
				3C21CB3601A04F11B5881404 /* Inter-ExtraLight.ttf in Resources */,
				5E7858AA9CDC40C380D7E245 /* Inter-Light.ttf in Resources */,
				C8C1CF2885BF4F9080B57269 /* Inter-Medium.ttf in Resources */,
				C607C0D518D1469EB963F985 /* Inter-Regular.ttf in Resources */,
				7739F749DB0848A597EB0D21 /* Inter-SemiBold.ttf in Resources */,
				C7627B20E4A44C03965EA4D8 /* Inter-Thin.ttf in Resources */,
				59E72B70AAF0447E963FE12C /* Poppins-Black.ttf in Resources */,
				6DC588E9AEEC4106800633DB /* Poppins-BlackItalic.ttf in Resources */,
				6201D12B5C4948EA8FC34B7F /* Poppins-Bold.ttf in Resources */,
				01000449A29947538522CA66 /* Poppins-BoldItalic.ttf in Resources */,
				938F98D0CD1B465C9A607833 /* Poppins-ExtraBold.ttf in Resources */,
				FE7087CCE3B54E068D8E0601 /* Poppins-ExtraBoldItalic.ttf in Resources */,
				837A29E229BB440ABACEB85E /* Poppins-ExtraLight.ttf in Resources */,
				5A5753B046EA4EA1BD6AFE3C /* Poppins-ExtraLightItalic.ttf in Resources */,
				5A67645B1C2046DB93620182 /* Poppins-Italic.ttf in Resources */,
				C9C35DCC1BC5411B9F25542D /* Poppins-Light.ttf in Resources */,
				85F4DE464EC44FF4ABFF648B /* Poppins-LightItalic.ttf in Resources */,
				B312189FAD2344DEA08427D3 /* Poppins-Medium.ttf in Resources */,
				D5D4A07CFAB947389C50DCC2 /* Poppins-MediumItalic.ttf in Resources */,
				A66428C216814211B0C19F08 /* Poppins-Regular.ttf in Resources */,
				99E112D803594E1495ADE5C0 /* Poppins-SemiBold.ttf in Resources */,
				2B021BC4546641998E9A1D6F /* Poppins-SemiBoldItalic.ttf in Resources */,
				E1C0F00DD7D34D4F9C7185F3 /* Poppins-Thin.ttf in Resources */,
				DF423BFB74DB44DD97789131 /* Poppins-ThinItalic.ttf in Resources */,
				B257E5B818AC422EBE73D54A /* SonsieOne-Regular.ttf in Resources */,
			);
			runOnlyForDeploymentPostprocessing = 0;
		};
/* End PBXResourcesBuildPhase section */

/* Begin PBXShellScriptBuildPhase section */
		00DD1BFF1BD5951E006B06BC /* Bundle React Native code and images */ = {
			isa = PBXShellScriptBuildPhase;
			buildActionMask = 2147483647;
			files = (
			);
			inputPaths = (
				"$(SRCROOT)/.xcode.env.local",
				"$(SRCROOT)/.xcode.env",
			);
			name = "Bundle React Native code and images";
			outputPaths = (
			);
			runOnlyForDeploymentPostprocessing = 0;
			shellPath = /bin/sh;
			shellScript = "set -e\n\nWITH_ENVIRONMENT=\"$REACT_NATIVE_PATH/scripts/xcode/with-environment.sh\"\nREACT_NATIVE_XCODE=\"$REACT_NATIVE_PATH/scripts/react-native-xcode.sh\"\n\n/bin/sh -c \"$WITH_ENVIRONMENT $REACT_NATIVE_XCODE\"\n";
		};
		00EEFC60759A1932668264C0 /* [CP] Embed Pods Frameworks */ = {
			isa = PBXShellScriptBuildPhase;
			buildActionMask = 2147483647;
			files = (
			);
			inputFileListPaths = (
				"${PODS_ROOT}/Target Support Files/Pods-GiaoDienEgFarm/Pods-GiaoDienEgFarm-frameworks-${CONFIGURATION}-input-files.xcfilelist",
			);
			name = "[CP] Embed Pods Frameworks";
			outputFileListPaths = (
				"${PODS_ROOT}/Target Support Files/Pods-GiaoDienEgFarm/Pods-GiaoDienEgFarm-frameworks-${CONFIGURATION}-output-files.xcfilelist",
			);
			runOnlyForDeploymentPostprocessing = 0;
			shellPath = /bin/sh;
			shellScript = "\"${PODS_ROOT}/Target Support Files/Pods-GiaoDienEgFarm/Pods-GiaoDienEgFarm-frameworks.sh\"\n";
			showEnvVarsInLog = 0;
		};
		A55EABD7B0C7F3A422A6CC61 /* [CP] Check Pods Manifest.lock */ = {
			isa = PBXShellScriptBuildPhase;
			buildActionMask = 2147483647;
			files = (
			);
			inputFileListPaths = (
			);
			inputPaths = (
				"${PODS_PODFILE_DIR_PATH}/Podfile.lock",
				"${PODS_ROOT}/Manifest.lock",
			);
			name = "[CP] Check Pods Manifest.lock";
			outputFileListPaths = (
			);
			outputPaths = (
				"$(DERIVED_FILE_DIR)/Pods-GiaoDienEgFarm-GiaoDienEgFarmTests-checkManifestLockResult.txt",
			);
			runOnlyForDeploymentPostprocessing = 0;
			shellPath = /bin/sh;
			shellScript = "diff \"${PODS_PODFILE_DIR_PATH}/Podfile.lock\" \"${PODS_ROOT}/Manifest.lock\" > /dev/null\nif [ $? != 0 ] ; then\n    # print error to STDERR\n    echo \"error: The sandbox is not in sync with the Podfile.lock. Run 'pod install' or update your CocoaPods installation.\" >&2\n    exit 1\nfi\n# This output is used by Xcode 'outputs' to avoid re-running this script phase.\necho \"SUCCESS\" > \"${SCRIPT_OUTPUT_FILE_0}\"\n";
			showEnvVarsInLog = 0;
		};
		C38B50BA6285516D6DCD4F65 /* [CP] Check Pods Manifest.lock */ = {
			isa = PBXShellScriptBuildPhase;
			buildActionMask = 2147483647;
			files = (
			);
			inputFileListPaths = (
			);
			inputPaths = (
				"${PODS_PODFILE_DIR_PATH}/Podfile.lock",
				"${PODS_ROOT}/Manifest.lock",
			);
			name = "[CP] Check Pods Manifest.lock";
			outputFileListPaths = (
			);
			outputPaths = (
				"$(DERIVED_FILE_DIR)/Pods-GiaoDienEgFarm-checkManifestLockResult.txt",
			);
			runOnlyForDeploymentPostprocessing = 0;
			shellPath = /bin/sh;
			shellScript = "diff \"${PODS_PODFILE_DIR_PATH}/Podfile.lock\" \"${PODS_ROOT}/Manifest.lock\" > /dev/null\nif [ $? != 0 ] ; then\n    # print error to STDERR\n    echo \"error: The sandbox is not in sync with the Podfile.lock. Run 'pod install' or update your CocoaPods installation.\" >&2\n    exit 1\nfi\n# This output is used by Xcode 'outputs' to avoid re-running this script phase.\necho \"SUCCESS\" > \"${SCRIPT_OUTPUT_FILE_0}\"\n";
			showEnvVarsInLog = 0;
		};
		C59DA0FBD6956966B86A3779 /* [CP] Embed Pods Frameworks */ = {
			isa = PBXShellScriptBuildPhase;
			buildActionMask = 2147483647;
			files = (
			);
			inputFileListPaths = (
				"${PODS_ROOT}/Target Support Files/Pods-GiaoDienEgFarm-GiaoDienEgFarmTests/Pods-GiaoDienEgFarm-GiaoDienEgFarmTests-frameworks-${CONFIGURATION}-input-files.xcfilelist",
			);
			name = "[CP] Embed Pods Frameworks";
			outputFileListPaths = (
				"${PODS_ROOT}/Target Support Files/Pods-GiaoDienEgFarm-GiaoDienEgFarmTests/Pods-GiaoDienEgFarm-GiaoDienEgFarmTests-frameworks-${CONFIGURATION}-output-files.xcfilelist",
			);
			runOnlyForDeploymentPostprocessing = 0;
			shellPath = /bin/sh;
			shellScript = "\"${PODS_ROOT}/Target Support Files/Pods-GiaoDienEgFarm-GiaoDienEgFarmTests/Pods-GiaoDienEgFarm-GiaoDienEgFarmTests-frameworks.sh\"\n";
			showEnvVarsInLog = 0;
		};
		E235C05ADACE081382539298 /* [CP] Copy Pods Resources */ = {
			isa = PBXShellScriptBuildPhase;
			buildActionMask = 2147483647;
			files = (
			);
			inputFileListPaths = (
				"${PODS_ROOT}/Target Support Files/Pods-GiaoDienEgFarm/Pods-GiaoDienEgFarm-resources-${CONFIGURATION}-input-files.xcfilelist",
			);
			name = "[CP] Copy Pods Resources";
			outputFileListPaths = (
				"${PODS_ROOT}/Target Support Files/Pods-GiaoDienEgFarm/Pods-GiaoDienEgFarm-resources-${CONFIGURATION}-output-files.xcfilelist",
			);
			runOnlyForDeploymentPostprocessing = 0;
			shellPath = /bin/sh;
			shellScript = "\"${PODS_ROOT}/Target Support Files/Pods-GiaoDienEgFarm/Pods-GiaoDienEgFarm-resources.sh\"\n";
			showEnvVarsInLog = 0;
		};
		F6A41C54EA430FDDC6A6ED99 /* [CP] Copy Pods Resources */ = {
			isa = PBXShellScriptBuildPhase;
			buildActionMask = 2147483647;
			files = (
			);
			inputFileListPaths = (
				"${PODS_ROOT}/Target Support Files/Pods-GiaoDienEgFarm-GiaoDienEgFarmTests/Pods-GiaoDienEgFarm-GiaoDienEgFarmTests-resources-${CONFIGURATION}-input-files.xcfilelist",
			);
			name = "[CP] Copy Pods Resources";
			outputFileListPaths = (
				"${PODS_ROOT}/Target Support Files/Pods-GiaoDienEgFarm-GiaoDienEgFarmTests/Pods-GiaoDienEgFarm-GiaoDienEgFarmTests-resources-${CONFIGURATION}-output-files.xcfilelist",
			);
			runOnlyForDeploymentPostprocessing = 0;
			shellPath = /bin/sh;
			shellScript = "\"${PODS_ROOT}/Target Support Files/Pods-GiaoDienEgFarm-GiaoDienEgFarmTests/Pods-GiaoDienEgFarm-GiaoDienEgFarmTests-resources.sh\"\n";
			showEnvVarsInLog = 0;
		};
/* End PBXShellScriptBuildPhase section */

/* Begin PBXSourcesBuildPhase section */
		00E356EA1AD99517003FC87E /* Sources */ = {
			isa = PBXSourcesBuildPhase;
			buildActionMask = 2147483647;
			files = (
				00E356F31AD99517003FC87E /* GiaoDienEgFarmTests.m in Sources */,
			);
			runOnlyForDeploymentPostprocessing = 0;
		};
		13B07F871A680F5B00A75B9A /* Sources */ = {
			isa = PBXSourcesBuildPhase;
			buildActionMask = 2147483647;
			files = (
				13B07FBC1A68108700A75B9A /* AppDelegate.mm in Sources */,
				13B07FC11A68108700A75B9A /* main.m in Sources */,
			);
			runOnlyForDeploymentPostprocessing = 0;
		};
/* End PBXSourcesBuildPhase section */

/* Begin PBXTargetDependency section */
		00E356F51AD99517003FC87E /* PBXTargetDependency */ = {
			isa = PBXTargetDependency;
			target = 13B07F861A680F5B00A75B9A /* GiaoDienEgFarm */;
			targetProxy = 00E356F41AD99517003FC87E /* PBXContainerItemProxy */;
		};
/* End PBXTargetDependency section */

/* Begin XCBuildConfiguration section */
		00E356F61AD99517003FC87E /* Debug */ = {
			isa = XCBuildConfiguration;
			baseConfigurationReference = 5B7EB9410499542E8C5724F5 /* Pods-GiaoDienEgFarm-GiaoDienEgFarmTests.debug.xcconfig */;
			buildSettings = {
				BUNDLE_LOADER = "$(TEST_HOST)";
				GCC_PREPROCESSOR_DEFINITIONS = (
					"DEBUG=1",
					"$(inherited)",
				);
				INFOPLIST_FILE = GiaoDienEgFarmTests/Info.plist;
				IPHONEOS_DEPLOYMENT_TARGET = 13.4;
				LD_RUNPATH_SEARCH_PATHS = (
					"$(inherited)",
					"@executable_path/Frameworks",
					"@loader_path/Frameworks",
				);
				OTHER_LDFLAGS = (
					"-ObjC",
					"-lc++",
					"$(inherited)",
				);
				PRODUCT_BUNDLE_IDENTIFIER = "org.reactjs.native.example.$(PRODUCT_NAME:rfc1034identifier)";
				PRODUCT_NAME = "$(TARGET_NAME)";
				TEST_HOST = "$(BUILT_PRODUCTS_DIR)/GiaoDienEgFarm.app/GiaoDienEgFarm";
			};
			name = Debug;
		};
		00E356F71AD99517003FC87E /* Release */ = {
			isa = XCBuildConfiguration;
			baseConfigurationReference = 89C6BE57DB24E9ADA2F236DE /* Pods-GiaoDienEgFarm-GiaoDienEgFarmTests.release.xcconfig */;
			buildSettings = {
				BUNDLE_LOADER = "$(TEST_HOST)";
				COPY_PHASE_STRIP = NO;
				INFOPLIST_FILE = GiaoDienEgFarmTests/Info.plist;
				IPHONEOS_DEPLOYMENT_TARGET = 13.4;
				LD_RUNPATH_SEARCH_PATHS = (
					"$(inherited)",
					"@executable_path/Frameworks",
					"@loader_path/Frameworks",
				);
				OTHER_LDFLAGS = (
					"-ObjC",
					"-lc++",
					"$(inherited)",
				);
				PRODUCT_BUNDLE_IDENTIFIER = "org.reactjs.native.example.$(PRODUCT_NAME:rfc1034identifier)";
				PRODUCT_NAME = "$(TARGET_NAME)";
				TEST_HOST = "$(BUILT_PRODUCTS_DIR)/GiaoDienEgFarm.app/GiaoDienEgFarm";
			};
			name = Release;
		};
		13B07F941A680F5B00A75B9A /* Debug */ = {
			isa = XCBuildConfiguration;
			baseConfigurationReference = 3B4392A12AC88292D35C810B /* Pods-GiaoDienEgFarm.debug.xcconfig */;
			buildSettings = {
				ASSETCATALOG_COMPILER_APPICON_NAME = AppIcon;
				CLANG_ENABLE_MODULES = YES;
				CURRENT_PROJECT_VERSION = 1;
				ENABLE_BITCODE = NO;
				INFOPLIST_FILE = GiaoDienEgFarm/Info.plist;
				LD_RUNPATH_SEARCH_PATHS = (
					"$(inherited)",
					"@executable_path/Frameworks",
				);
				MARKETING_VERSION = 1.0;
				OTHER_LDFLAGS = (
					"$(inherited)",
					"-ObjC",
					"-lc++",
				);
				PRODUCT_BUNDLE_IDENTIFIER = "org.reactjs.native.example.$(PRODUCT_NAME:rfc1034identifier)";
				PRODUCT_NAME = GiaoDienEgFarm;
				SWIFT_OPTIMIZATION_LEVEL = "-Onone";
				SWIFT_VERSION = 5.0;
				VERSIONING_SYSTEM = "apple-generic";
			};
			name = Debug;
		};
		13B07F951A680F5B00A75B9A /* Release */ = {
			isa = XCBuildConfiguration;
			baseConfigurationReference = 5709B34CF0A7D63546082F79 /* Pods-GiaoDienEgFarm.release.xcconfig */;
			buildSettings = {
				ASSETCATALOG_COMPILER_APPICON_NAME = AppIcon;
				CLANG_ENABLE_MODULES = YES;
				CURRENT_PROJECT_VERSION = 1;
				INFOPLIST_FILE = GiaoDienEgFarm/Info.plist;
				LD_RUNPATH_SEARCH_PATHS = (
					"$(inherited)",
					"@executable_path/Frameworks",
				);
				MARKETING_VERSION = 1.0;
				OTHER_LDFLAGS = (
					"$(inherited)",
					"-ObjC",
					"-lc++",
				);
				PRODUCT_BUNDLE_IDENTIFIER = "org.reactjs.native.example.$(PRODUCT_NAME:rfc1034identifier)";
				PRODUCT_NAME = GiaoDienEgFarm;
				SWIFT_VERSION = 5.0;
				VERSIONING_SYSTEM = "apple-generic";
			};
			name = Release;
		};
		83CBBA201A601CBA00E9B192 /* Debug */ = {
			isa = XCBuildConfiguration;
			buildSettings = {
				ALWAYS_SEARCH_USER_PATHS = NO;
				CLANG_ANALYZER_LOCALIZABILITY_NONLOCALIZED = YES;
				CLANG_CXX_LANGUAGE_STANDARD = "c++20";
				CLANG_CXX_LIBRARY = "libc++";
				CLANG_ENABLE_MODULES = YES;
				CLANG_ENABLE_OBJC_ARC = YES;
				CLANG_WARN_BLOCK_CAPTURE_AUTORELEASING = YES;
				CLANG_WARN_BOOL_CONVERSION = YES;
				CLANG_WARN_COMMA = YES;
				CLANG_WARN_CONSTANT_CONVERSION = YES;
				CLANG_WARN_DEPRECATED_OBJC_IMPLEMENTATIONS = YES;
				CLANG_WARN_DIRECT_OBJC_ISA_USAGE = YES_ERROR;
				CLANG_WARN_EMPTY_BODY = YES;
				CLANG_WARN_ENUM_CONVERSION = YES;
				CLANG_WARN_INFINITE_RECURSION = YES;
				CLANG_WARN_INT_CONVERSION = YES;
				CLANG_WARN_NON_LITERAL_NULL_CONVERSION = YES;
				CLANG_WARN_OBJC_IMPLICIT_RETAIN_SELF = YES;
				CLANG_WARN_OBJC_LITERAL_CONVERSION = YES;
				CLANG_WARN_OBJC_ROOT_CLASS = YES_ERROR;
				CLANG_WARN_QUOTED_INCLUDE_IN_FRAMEWORK_HEADER = YES;
				CLANG_WARN_RANGE_LOOP_ANALYSIS = YES;
				CLANG_WARN_STRICT_PROTOTYPES = YES;
				CLANG_WARN_SUSPICIOUS_MOVE = YES;
				CLANG_WARN_UNREACHABLE_CODE = YES;
				CLANG_WARN__DUPLICATE_METHOD_MATCH = YES;
				"CODE_SIGN_IDENTITY[sdk=iphoneos*]" = "iPhone Developer";
				COPY_PHASE_STRIP = NO;
				ENABLE_STRICT_OBJC_MSGSEND = YES;
				ENABLE_TESTABILITY = YES;
				"EXCLUDED_ARCHS[sdk=iphonesimulator*]" = "";
				GCC_C_LANGUAGE_STANDARD = gnu99;
				GCC_DYNAMIC_NO_PIC = NO;
				GCC_NO_COMMON_BLOCKS = YES;
				GCC_OPTIMIZATION_LEVEL = 0;
				GCC_PREPROCESSOR_DEFINITIONS = (
					"DEBUG=1",
					"$(inherited)",
				);
				GCC_SYMBOLS_PRIVATE_EXTERN = NO;
				GCC_WARN_64_TO_32_BIT_CONVERSION = YES;
				GCC_WARN_ABOUT_RETURN_TYPE = YES_ERROR;
				GCC_WARN_UNDECLARED_SELECTOR = YES;
				GCC_WARN_UNINITIALIZED_AUTOS = YES_AGGRESSIVE;
				GCC_WARN_UNUSED_FUNCTION = YES;
				GCC_WARN_UNUSED_VARIABLE = YES;
				IPHONEOS_DEPLOYMENT_TARGET = 13.4;
				LD_RUNPATH_SEARCH_PATHS = (
					/usr/lib/swift,
					"$(inherited)",
				);
				LIBRARY_SEARCH_PATHS = (
					"\"$(SDKROOT)/usr/lib/swift\"",
					"\"$(TOOLCHAIN_DIR)/usr/lib/swift/$(PLATFORM_NAME)\"",
					"\"$(inherited)\"",
				);
				MTL_ENABLE_DEBUG_INFO = YES;
				ONLY_ACTIVE_ARCH = YES;
				OTHER_CPLUSPLUSFLAGS = (
					"$(OTHER_CFLAGS)",
					"-DFOLLY_NO_CONFIG",
					"-DFOLLY_MOBILE=1",
					"-DFOLLY_USE_LIBCPP=1",
					"-DFOLLY_CFG_NO_COROUTINES=1",
					"-DFOLLY_HAVE_CLOCK_GETTIME=1",
				);
				SDKROOT = iphoneos;
			};
			name = Debug;
		};
		83CBBA211A601CBA00E9B192 /* Release */ = {
			isa = XCBuildConfiguration;
			buildSettings = {
				ALWAYS_SEARCH_USER_PATHS = NO;
				CLANG_ANALYZER_LOCALIZABILITY_NONLOCALIZED = YES;
				CLANG_CXX_LANGUAGE_STANDARD = "c++20";
				CLANG_CXX_LIBRARY = "libc++";
				CLANG_ENABLE_MODULES = YES;
				CLANG_ENABLE_OBJC_ARC = YES;
				CLANG_WARN_BLOCK_CAPTURE_AUTORELEASING = YES;
				CLANG_WARN_BOOL_CONVERSION = YES;
				CLANG_WARN_COMMA = YES;
				CLANG_WARN_CONSTANT_CONVERSION = YES;
				CLANG_WARN_DEPRECATED_OBJC_IMPLEMENTATIONS = YES;
				CLANG_WARN_DIRECT_OBJC_ISA_USAGE = YES_ERROR;
				CLANG_WARN_EMPTY_BODY = YES;
				CLANG_WARN_ENUM_CONVERSION = YES;
				CLANG_WARN_INFINITE_RECURSION = YES;
				CLANG_WARN_INT_CONVERSION = YES;
				CLANG_WARN_NON_LITERAL_NULL_CONVERSION = YES;
				CLANG_WARN_OBJC_IMPLICIT_RETAIN_SELF = YES;
				CLANG_WARN_OBJC_LITERAL_CONVERSION = YES;
				CLANG_WARN_OBJC_ROOT_CLASS = YES_ERROR;
				CLANG_WARN_QUOTED_INCLUDE_IN_FRAMEWORK_HEADER = YES;
				CLANG_WARN_RANGE_LOOP_ANALYSIS = YES;
				CLANG_WARN_STRICT_PROTOTYPES = YES;
				CLANG_WARN_SUSPICIOUS_MOVE = YES;
				CLANG_WARN_UNREACHABLE_CODE = YES;
				CLANG_WARN__DUPLICATE_METHOD_MATCH = YES;
				"CODE_SIGN_IDENTITY[sdk=iphoneos*]" = "iPhone Developer";
				COPY_PHASE_STRIP = YES;
				ENABLE_NS_ASSERTIONS = NO;
				ENABLE_STRICT_OBJC_MSGSEND = YES;
				"EXCLUDED_ARCHS[sdk=iphonesimulator*]" = "";
				GCC_C_LANGUAGE_STANDARD = gnu99;
				GCC_NO_COMMON_BLOCKS = YES;
				GCC_WARN_64_TO_32_BIT_CONVERSION = YES;
				GCC_WARN_ABOUT_RETURN_TYPE = YES_ERROR;
				GCC_WARN_UNDECLARED_SELECTOR = YES;
				GCC_WARN_UNINITIALIZED_AUTOS = YES_AGGRESSIVE;
				GCC_WARN_UNUSED_FUNCTION = YES;
				GCC_WARN_UNUSED_VARIABLE = YES;
				IPHONEOS_DEPLOYMENT_TARGET = 13.4;
				LD_RUNPATH_SEARCH_PATHS = (
					/usr/lib/swift,
					"$(inherited)",
				);
				LIBRARY_SEARCH_PATHS = (
					"\"$(SDKROOT)/usr/lib/swift\"",
					"\"$(TOOLCHAIN_DIR)/usr/lib/swift/$(PLATFORM_NAME)\"",
					"\"$(inherited)\"",
				);
				MTL_ENABLE_DEBUG_INFO = NO;
				OTHER_CPLUSPLUSFLAGS = (
					"$(OTHER_CFLAGS)",
					"-DFOLLY_NO_CONFIG",
					"-DFOLLY_MOBILE=1",
					"-DFOLLY_USE_LIBCPP=1",
					"-DFOLLY_CFG_NO_COROUTINES=1",
					"-DFOLLY_HAVE_CLOCK_GETTIME=1",
				);
				SDKROOT = iphoneos;
				VALIDATE_PRODUCT = YES;
			};
			name = Release;
		};
/* End XCBuildConfiguration section */

/* Begin XCConfigurationList section */
		00E357021AD99517003FC87E /* Build configuration list for PBXNativeTarget "GiaoDienEgFarmTests" */ = {
			isa = XCConfigurationList;
			buildConfigurations = (
				00E356F61AD99517003FC87E /* Debug */,
				00E356F71AD99517003FC87E /* Release */,
			);
			defaultConfigurationIsVisible = 0;
			defaultConfigurationName = Release;
		};
		13B07F931A680F5B00A75B9A /* Build configuration list for PBXNativeTarget "GiaoDienEgFarm" */ = {
			isa = XCConfigurationList;
			buildConfigurations = (
				13B07F941A680F5B00A75B9A /* Debug */,
				13B07F951A680F5B00A75B9A /* Release */,
			);
			defaultConfigurationIsVisible = 0;
			defaultConfigurationName = Release;
		};
		83CBB9FA1A601CBA00E9B192 /* Build configuration list for PBXProject "GiaoDienEgFarm" */ = {
			isa = XCConfigurationList;
			buildConfigurations = (
				83CBBA201A601CBA00E9B192 /* Debug */,
				83CBBA211A601CBA00E9B192 /* Release */,
			);
			defaultConfigurationIsVisible = 0;
			defaultConfigurationName = Release;
		};
/* End XCConfigurationList section */
	};
	rootObject = 83CBB9F71A601CBA00E9B192 /* Project object */;
}
